<?xml version="1.0" encoding="UTF-8" standalone="yes" ?>
<CodeBlocks_project_file>
	<FileVersion major="1" minor="6" />
	<Project>
		<Option title="ReplyChallenge" />
		<Option pch_mode="2" />
		<Option compiler="gcc" />
		<Build>
			<Target title="Debug">
				<Option output="bin/Debug/ReplyChallenge" prefix_auto="1" extension_auto="1" />
				<Option object_output="obj/Debug/" />
				<Option type="1" />
				<Option compiler="gcc" />
				<Compiler>
					<Add option="-g" />
				</Compiler>
			</Target>
			<Target title="Release">
				<Option output="bin/Release/ReplyChallenge" prefix_auto="1" extension_auto="1" />
				<Option object_output="obj/Release/" />
				<Option type="1" />
				<Option compiler="gcc" />
				<Compiler>
					<Add option="-O2" />
				</Compiler>
				<Linker>
					<Add option="-s" />
				</Linker>
			</Target>
		</Build>
		<Compiler>
			<Add option="-Wall" />
			<Add option="-fexceptions" />
		</Compiler>
		<Unit filename="a_solar.out" />
		<Unit filename="a_solar.txt" />
		<Unit filename="b_dream.out" />
		<Unit filename="b_dream.txt" />
		<Unit filename="c_soup.out" />
		<Unit filename="c_soup.txt" />
		<Unit filename="d_maelstrom.out" />
		<Unit filename="d_maelstrom.txt" />
		<Unit filename="e_igloos.out" />
		<Unit filename="e_igloos.txt" />
		<Unit filename="f_glitch.out" />
		<Unit filename="f_glitch.txt" />
		<Unit filename="main.cpp" />
		<Unit filename="task.in" />
		<Unit filename="task.out" />
		<Extensions>
			<code_completion />
			<debugger />
		</Extensions>
	</Project>
</CodeBlocks_project_file>
